
Microsoft Visual Studio Solution File, Format Version 12.00
# Visual Studio Version 17
VisualStudioVersion = 17.13.35931.197 d17.13
MinimumVisualStudioVersion = 10.0.40219.1
Project("{FAE04EC0-301F-11D3-BF4B-00C04F79EFBC}") = "DiplomUchetSC", "DiplomUchetSC\DiplomUchetSC.csproj", "{18B4BE36-368B-4803-8CA3-50F69FBF715B}"
EndProject
Global
	GlobalSection(SolutionConfigurationPlatforms) = preSolution
		Debug|Any CPU = Debug|Any CPU
		Release|Any CPU = Release|Any CPU
	EndGlobalSection
	GlobalSection(ProjectConfigurationPlatforms) = postSolution
		{18B4BE36-368B-4803-8CA3-50F69FBF715B}.Debug|Any CPU.ActiveCfg = Debug|Any CPU
		{18B4BE36-368B-4803-8CA3-50F69FBF715B}.Debug|Any CPU.Build.0 = Debug|Any CPU
		{18B4BE36-368B-4803-8CA3-50F69FBF715B}.Release|Any CPU.ActiveCfg = Release|Any CPU
		{18B4BE36-368B-4803-8CA3-50F69FBF715B}.Release|Any CPU.Build.0 = Release|Any CPU
	EndGlobalSection
	GlobalSection(SolutionProperties) = preSolution
		HideSolutionNode = FALSE
	EndGlobalSection
	GlobalSection(ExtensibilityGlobals) = postSolution
		SolutionGuid = {7EFAC18E-A1F7-4EE4-9FBA-6ABCA3BED55D}
	EndGlobalSection
EndGlobal
